
Microsoft Visual Studio Solution File, Format Version 12.00
# Visual Studio Version 16
VisualStudioVersion = 16.0.30907.101
MinimumVisualStudioVersion = 10.0.40219.1
Project("{FAE04EC0-301F-11D3-BF4B-00C04F79EFBC}") = "ProblemeS5", "ProblemeS5\ProblemeS5.csproj", "{69D9AFCA-D21A-4D19-A089-05F8C13545BD}"
EndProject
Global
	GlobalSection(SolutionConfigurationPlatforms) = preSolution
		Debug|Any CPU = Debug|Any CPU
		Release|Any CPU = Release|Any CPU
	EndGlobalSection
	GlobalSection(ProjectConfigurationPlatforms) = postSolution
		{69D9AFCA-D21A-4D19-A089-05F8C13545BD}.Debug|Any CPU.ActiveCfg = Debug|Any CPU
		{69D9AFCA-D21A-4D19-A089-05F8C13545BD}.Debug|Any CPU.Build.0 = Debug|Any CPU
		{69D9AFCA-D21A-4D19-A089-05F8C13545BD}.Release|Any CPU.ActiveCfg = Release|Any CPU
		{69D9AFCA-D21A-4D19-A089-05F8C13545BD}.Release|Any CPU.Build.0 = Release|Any CPU
	EndGlobalSection
	GlobalSection(SolutionProperties) = preSolution
		HideSolutionNode = FALSE
	EndGlobalSection
	GlobalSection(ExtensibilityGlobals) = postSolution
		SolutionGuid = {A117E510-3F49-4B4D-BB28-37C8A78A57D0}
	EndGlobalSection
EndGlobal
